
Microsoft Visual Studio Solution File, Format Version 12.00
# Visual Studio Version 17
VisualStudioVersion = 17.5.002.0
MinimumVisualStudioVersion = 10.0.40219.1
Project("{9A19103F-16F7-4668-BE54-9A1E7A4F7556}") = "RedisService", "redis-windows\RedisService.csproj", "{653C8F2F-6C0A-42D6-98D9-B11C284D1DF8}"
EndProject
Global
	GlobalSection(SolutionConfigurationPlatforms) = preSolution
		Debug|Any CPU = Debug|Any CPU
		Release|Any CPU = Release|Any CPU
	EndGlobalSection
	GlobalSection(ProjectConfigurationPlatforms) = postSolution
		{653C8F2F-6C0A-42D6-98D9-B11C284D1DF8}.Debug|Any CPU.ActiveCfg = Debug|Any CPU
		{653C8F2F-6C0A-42D6-98D9-B11C284D1DF8}.Debug|Any CPU.Build.0 = Debug|Any CPU
		{653C8F2F-6C0A-42D6-98D9-B11C284D1DF8}.Release|Any CPU.ActiveCfg = Release|Any CPU
		{653C8F2F-6C0A-42D6-98D9-B11C284D1DF8}.Release|Any CPU.Build.0 = Release|Any CPU
	EndGlobalSection
	GlobalSection(SolutionProperties) = preSolution
		HideSolutionNode = FALSE
	EndGlobalSection
	GlobalSection(ExtensibilityGlobals) = postSolution
		SolutionGuid = {054B2E78-6D25-46DD-983B-BCF92F043356}
	EndGlobalSection
EndGlobal
